
Microsoft Visual Studio Solution File, Format Version 12.00
# Visual Studio 15
VisualStudioVersion = 15.0.27130.2036
MinimumVisualStudioVersion = 10.0.40219.1
Project("{FAE04EC0-301F-11D3-BF4B-00C04F79EFBC}") = "XFAutoFocusEntry.Android", "XFAutoFocusEntry\XFAutoFocusEntry.Android\XFAutoFocusEntry.Android.csproj", "{293975C9-4EF2-4270-B96E-E8FE819C0490}"
EndProject
Project("{FAE04EC0-301F-11D3-BF4B-00C04F79EFBC}") = "XFAutoFocusEntry.iOS", "XFAutoFocusEntry\XFAutoFocusEntry.iOS\XFAutoFocusEntry.iOS.csproj", "{25454C45-484F-4C62-B964-BE723A5F81AA}"
EndProject
Project("{FAE04EC0-301F-11D3-BF4B-00C04F79EFBC}") = "XFAutoFocusEntry.UWP", "XFAutoFocusEntry\XFAutoFocusEntry.UWP\XFAutoFocusEntry.UWP.csproj", "{BF7EE5D0-43A4-42CE-A484-0B67FA946649}"
EndProject
Project("{FAE04EC0-301F-11D3-BF4B-00C04F79EFBC}") = "XFAutoFocusEntry", "XFAutoFocusEntry\XFAutoFocusEntry\XFAutoFocusEntry.csproj", "{DB5A9B9C-E996-4722-B9B5-27DF5F715F58}"
EndProject
Global
	GlobalSection(SolutionConfigurationPlatforms) = preSolution
		Ad-Hoc|Any CPU = Ad-Hoc|Any CPU
		Ad-Hoc|ARM = Ad-Hoc|ARM
		Ad-Hoc|iPhone = Ad-Hoc|iPhone
		Ad-Hoc|iPhoneSimulator = Ad-Hoc|iPhoneSimulator
		Ad-Hoc|x64 = Ad-Hoc|x64
		Ad-Hoc|x86 = Ad-Hoc|x86
		AppStore|Any CPU = AppStore|Any CPU
		AppStore|ARM = AppStore|ARM
		AppStore|iPhone = AppStore|iPhone
		AppStore|iPhoneSimulator = AppStore|iPhoneSimulator
		AppStore|x64 = AppStore|x64
		AppStore|x86 = AppStore|x86
		Debug|Any CPU = Debug|Any CPU
		Debug|ARM = Debug|ARM
		Debug|iPhone = Debug|iPhone
		Debug|iPhoneSimulator = Debug|iPhoneSimulator
		Debug|x64 = Debug|x64
		Debug|x86 = Debug|x86
		Release|Any CPU = Release|Any CPU
		Release|ARM = Release|ARM
		Release|iPhone = Release|iPhone
		Release|iPhoneSimulator = Release|iPhoneSimulator
		Release|x64 = Release|x64
		Release|x86 = Release|x86
	EndGlobalSection
	GlobalSection(ProjectConfigurationPlatforms) = postSolution
		{293975C9-4EF2-4270-B96E-E8FE819C0490}.Ad-Hoc|Any CPU.ActiveCfg = Release|Any CPU
		{293975C9-4EF2-4270-B96E-E8FE819C0490}.Ad-Hoc|Any CPU.Build.0 = Release|Any CPU
		{293975C9-4EF2-4270-B96E-E8FE819C0490}.Ad-Hoc|Any CPU.Deploy.0 = Release|Any CPU
		{293975C9-4EF2-4270-B96E-E8FE819C0490}.Ad-Hoc|ARM.ActiveCfg = Release|Any CPU
		{293975C9-4EF2-4270-B96E-E8FE819C0490}.Ad-Hoc|ARM.Build.0 = Release|Any CPU
		{293975C9-4EF2-4270-B96E-E8FE819C0490}.Ad-Hoc|ARM.Deploy.0 = Release|Any CPU
		{293975C9-4EF2-4270-B96E-E8FE819C0490}.Ad-Hoc|iPhone.ActiveCfg = Release|Any CPU
		{293975C9-4EF2-4270-B96E-E8FE819C0490}.Ad-Hoc|iPhone.Build.0 = Release|Any CPU
		{293975C9-4EF2-4270-B96E-E8FE819C0490}.Ad-Hoc|iPhone.Deploy.0 = Release|Any CPU
		{293975C9-4EF2-4270-B96E-E8FE819C0490}.Ad-Hoc|iPhoneSimulator.ActiveCfg = Release|Any CPU
		{293975C9-4EF2-4270-B96E-E8FE819C0490}.Ad-Hoc|iPhoneSimulator.Build.0 = Release|Any CPU
		{293975C9-4EF2-4270-B96E-E8FE819C0490}.Ad-Hoc|iPhoneSimulator.Deploy.0 = Release|Any CPU
		{293975C9-4EF2-4270-B96E-E8FE819C0490}.Ad-Hoc|x64.ActiveCfg = Release|Any CPU
		{293975C9-4EF2-4270-B96E-E8FE819C0490}.Ad-Hoc|x64.Build.0 = Release|Any CPU
		{293975C9-4EF2-4270-B96E-E8FE819C0490}.Ad-Hoc|x64.Deploy.0 = Release|Any CPU
		{293975C9-4EF2-4270-B96E-E8FE819C0490}.Ad-Hoc|x86.ActiveCfg = Release|Any CPU
		{293975C9-4EF2-4270-B96E-E8FE819C0490}.Ad-Hoc|x86.Build.0 = Release|Any CPU
		{293975C9-4EF2-4270-B96E-E8FE819C0490}.Ad-Hoc|x86.Deploy.0 = Release|Any CPU
		{293975C9-4EF2-4270-B96E-E8FE819C0490}.AppStore|Any CPU.ActiveCfg = Release|Any CPU
		{293975C9-4EF2-4270-B96E-E8FE819C0490}.AppStore|Any CPU.Build.0 = Release|Any CPU
		{293975C9-4EF2-4270-B96E-E8FE819C0490}.AppStore|Any CPU.Deploy.0 = Release|Any CPU
		{293975C9-4EF2-4270-B96E-E8FE819C0490}.AppStore|ARM.ActiveCfg = Release|Any CPU
		{293975C9-4EF2-4270-B96E-E8FE819C0490}.AppStore|ARM.Build.0 = Release|Any CPU
		{293975C9-4EF2-4270-B96E-E8FE819C0490}.AppStore|ARM.Deploy.0 = Release|Any CPU
		{293975C9-4EF2-4270-B96E-E8FE819C0490}.AppStore|iPhone.ActiveCfg = Release|Any CPU
		{293975C9-4EF2-4270-B96E-E8FE819C0490}.AppStore|iPhone.Build.0 = Release|Any CPU
		{293975C9-4EF2-4270-B96E-E8FE819C0490}.AppStore|iPhone.Deploy.0 = Release|Any CPU
		{293975C9-4EF2-4270-B96E-E8FE819C0490}.AppStore|iPhoneSimulator.ActiveCfg = Release|Any CPU
		{293975C9-4EF2-4270-B96E-E8FE819C0490}.AppStore|iPhoneSimulator.Build.0 = Release|Any CPU
		{293975C9-4EF2-4270-B96E-E8FE819C0490}.AppStore|iPhoneSimulator.Deploy.0 = Release|Any CPU
		{293975C9-4EF2-4270-B96E-E8FE819C0490}.AppStore|x64.ActiveCfg = Release|Any CPU
		{293975C9-4EF2-4270-B96E-E8FE819C0490}.AppStore|x64.Build.0 = Release|Any CPU
		{293975C9-4EF2-4270-B96E-E8FE819C0490}.AppStore|x64.Deploy.0 = Release|Any CPU
		{293975C9-4EF2-4270-B96E-E8FE819C0490}.AppStore|x86.ActiveCfg = Release|Any CPU
		{293975C9-4EF2-4270-B96E-E8FE819C0490}.AppStore|x86.Build.0 = Release|Any CPU
		{293975C9-4EF2-4270-B96E-E8FE819C0490}.AppStore|x86.Deploy.0 = Release|Any CPU
		{293975C9-4EF2-4270-B96E-E8FE819C0490}.Debug|Any CPU.ActiveCfg = Debug|Any CPU
		{293975C9-4EF2-4270-B96E-E8FE819C0490}.Debug|Any CPU.Build.0 = Debug|Any CPU
		{293975C9-4EF2-4270-B96E-E8FE819C0490}.Debug|Any CPU.Deploy.0 = Debug|Any CPU
		{293975C9-4EF2-4270-B96E-E8FE819C0490}.Debug|ARM.ActiveCfg = Debug|Any CPU
		{293975C9-4EF2-4270-B96E-E8FE819C0490}.Debug|ARM.Build.0 = Debug|Any CPU
		{293975C9-4EF2-4270-B96E-E8FE819C0490}.Debug|ARM.Deploy.0 = Debug|Any CPU
		{293975C9-4EF2-4270-B96E-E8FE819C0490}.Debug|iPhone.ActiveCfg = Debug|Any CPU
		{293975C9-4EF2-4270-B96E-E8FE819C0490}.Debug|iPhone.Build.0 = Debug|Any CPU
		{293975C9-4EF2-4270-B96E-E8FE819C0490}.Debug|iPhone.Deploy.0 = Debug|Any CPU
		{293975C9-4EF2-4270-B96E-E8FE819C0490}.Debug|iPhoneSimulator.ActiveCfg = Debug|Any CPU
		{293975C9-4EF2-4270-B96E-E8FE819C0490}.Debug|iPhoneSimulator.Build.0 = Debug|Any CPU
		{293975C9-4EF2-4270-B96E-E8FE819C0490}.Debug|iPhoneSimulator.Deploy.0 = Debug|Any CPU
		{293975C9-4EF2-4270-B96E-E8FE819C0490}.Debug|x64.ActiveCfg = Debug|Any CPU
		{293975C9-4EF2-4270-B96E-E8FE819C0490}.Debug|x64.Build.0 = Debug|Any CPU
		{293975C9-4EF2-4270-B96E-E8FE819C0490}.Debug|x64.Deploy.0 = Debug|Any CPU
		{293975C9-4EF2-4270-B96E-E8FE819C0490}.Debug|x86.ActiveCfg = Debug|Any CPU
		{293975C9-4EF2-4270-B96E-E8FE819C0490}.Debug|x86.Build.0 = Debug|Any CPU
		{293975C9-4EF2-4270-B96E-E8FE819C0490}.Debug|x86.Deploy.0 = Debug|Any CPU
		{293975C9-4EF2-4270-B96E-E8FE819C0490}.Release|Any CPU.ActiveCfg = Release|Any CPU
		{293975C9-4EF2-4270-B96E-E8FE819C0490}.Release|Any CPU.Build.0 = Release|Any CPU
		{293975C9-4EF2-4270-B96E-E8FE819C0490}.Release|Any CPU.Deploy.0 = Release|Any CPU
		{293975C9-4EF2-4270-B96E-E8FE819C0490}.Release|ARM.ActiveCfg = Release|Any CPU
		{293975C9-4EF2-4270-B96E-E8FE819C0490}.Release|ARM.Build.0 = Release|Any CPU
		{293975C9-4EF2-4270-B96E-E8FE819C0490}.Release|ARM.Deploy.0 = Release|Any CPU
		{293975C9-4EF2-4270-B96E-E8FE819C0490}.Release|iPhone.ActiveCfg = Release|Any CPU
		{293975C9-4EF2-4270-B96E-E8FE819C0490}.Release|iPhone.Build.0 = Release|Any CPU
		{293975C9-4EF2-4270-B96E-E8FE819C0490}.Release|iPhone.Deploy.0 = Release|Any CPU
		{293975C9-4EF2-4270-B96E-E8FE819C0490}.Release|iPhoneSimulator.ActiveCfg = Release|Any CPU
		{293975C9-4EF2-4270-B96E-E8FE819C0490}.Release|iPhoneSimulator.Build.0 = Release|Any CPU
		{293975C9-4EF2-4270-B96E-E8FE819C0490}.Release|iPhoneSimulator.Deploy.0 = Release|Any CPU
		{293975C9-4EF2-4270-B96E-E8FE819C0490}.Release|x64.ActiveCfg = Release|Any CPU
		{293975C9-4EF2-4270-B96E-E8FE819C0490}.Release|x64.Build.0 = Release|Any CPU
		{293975C9-4EF2-4270-B96E-E8FE819C0490}.Release|x64.Deploy.0 = Release|Any CPU
		{293975C9-4EF2-4270-B96E-E8FE819C0490}.Release|x86.ActiveCfg = Release|Any CPU
		{293975C9-4EF2-4270-B96E-E8FE819C0490}.Release|x86.Build.0 = Release|Any CPU
		{293975C9-4EF2-4270-B96E-E8FE819C0490}.Release|x86.Deploy.0 = Release|Any CPU
		{25454C45-484F-4C62-B964-BE723A5F81AA}.Ad-Hoc|Any CPU.ActiveCfg = Ad-Hoc|iPhone
		{25454C45-484F-4C62-B964-BE723A5F81AA}.Ad-Hoc|ARM.ActiveCfg = Ad-Hoc|iPhone
		{25454C45-484F-4C62-B964-BE723A5F81AA}.Ad-Hoc|iPhone.ActiveCfg = Ad-Hoc|iPhone
		{25454C45-484F-4C62-B964-BE723A5F81AA}.Ad-Hoc|iPhone.Build.0 = Ad-Hoc|iPhone
		{25454C45-484F-4C62-B964-BE723A5F81AA}.Ad-Hoc|iPhoneSimulator.ActiveCfg = Ad-Hoc|iPhoneSimulator
		{25454C45-484F-4C62-B964-BE723A5F81AA}.Ad-Hoc|iPhoneSimulator.Build.0 = Ad-Hoc|iPhoneSimulator
		{25454C45-484F-4C62-B964-BE723A5F81AA}.Ad-Hoc|x64.ActiveCfg = Ad-Hoc|iPhone
		{25454C45-484F-4C62-B964-BE723A5F81AA}.Ad-Hoc|x86.ActiveCfg = Ad-Hoc|iPhone
		{25454C45-484F-4C62-B964-BE723A5F81AA}.AppStore|Any CPU.ActiveCfg = AppStore|iPhone
		{25454C45-484F-4C62-B964-BE723A5F81AA}.AppStore|ARM.ActiveCfg = AppStore|iPhone
		{25454C45-484F-4C62-B964-BE723A5F81AA}.AppStore|iPhone.ActiveCfg = AppStore|iPhone
		{25454C45-484F-4C62-B964-BE723A5F81AA}.AppStore|iPhone.Build.0 = AppStore|iPhone
		{25454C45-484F-4C62-B964-BE723A5F81AA}.AppStore|iPhoneSimulator.ActiveCfg = AppStore|iPhoneSimulator
		{25454C45-484F-4C62-B964-BE723A5F81AA}.AppStore|iPhoneSimulator.Build.0 = AppStore|iPhoneSimulator
		{25454C45-484F-4C62-B964-BE723A5F81AA}.AppStore|x64.ActiveCfg = AppStore|iPhone
		{25454C45-484F-4C62-B964-BE723A5F81AA}.AppStore|x86.ActiveCfg = AppStore|iPhone
		{25454C45-484F-4C62-B964-BE723A5F81AA}.Debug|Any CPU.ActiveCfg = Debug|iPhone
		{25454C45-484F-4C62-B964-BE723A5F81AA}.Debug|ARM.ActiveCfg = Debug|iPhone
		{25454C45-484F-4C62-B964-BE723A5F81AA}.Debug|iPhone.ActiveCfg = Debug|iPhone
		{25454C45-484F-4C62-B964-BE723A5F81AA}.Debug|iPhone.Build.0 = Debug|iPhone
		{25454C45-484F-4C62-B964-BE723A5F81AA}.Debug|iPhoneSimulator.ActiveCfg = Debug|iPhoneSimulator
		{25454C45-484F-4C62-B964-BE723A5F81AA}.Debug|iPhoneSimulator.Build.0 = Debug|iPhoneSimulator
		{25454C45-484F-4C62-B964-BE723A5F81AA}.Debug|x64.ActiveCfg = Debug|iPhone
		{25454C45-484F-4C62-B964-BE723A5F81AA}.Debug|x86.ActiveCfg = Debug|iPhone
		{25454C45-484F-4C62-B964-BE723A5F81AA}.Release|Any CPU.ActiveCfg = Release|iPhone
		{25454C45-484F-4C62-B964-BE723A5F81AA}.Release|ARM.ActiveCfg = Release|iPhone
		{25454C45-484F-4C62-B964-BE723A5F81AA}.Release|iPhone.ActiveCfg = Release|iPhone
		{25454C45-484F-4C62-B964-BE723A5F81AA}.Release|iPhone.Build.0 = Release|iPhone
		{25454C45-484F-4C62-B964-BE723A5F81AA}.Release|iPhoneSimulator.ActiveCfg = Release|iPhoneSimulator
		{25454C45-484F-4C62-B964-BE723A5F81AA}.Release|iPhoneSimulator.Build.0 = Release|iPhoneSimulator
		{25454C45-484F-4C62-B964-BE723A5F81AA}.Release|x64.ActiveCfg = Release|iPhone
		{25454C45-484F-4C62-B964-BE723A5F81AA}.Release|x86.ActiveCfg = Release|iPhone
		{BF7EE5D0-43A4-42CE-A484-0B67FA946649}.Ad-Hoc|Any CPU.ActiveCfg = Release|x86
		{BF7EE5D0-43A4-42CE-A484-0B67FA946649}.Ad-Hoc|Any CPU.Build.0 = Release|x86
		{BF7EE5D0-43A4-42CE-A484-0B67FA946649}.Ad-Hoc|Any CPU.Deploy.0 = Release|x86
		{BF7EE5D0-43A4-42CE-A484-0B67FA946649}.Ad-Hoc|ARM.ActiveCfg = Release|ARM
		{BF7EE5D0-43A4-42CE-A484-0B67FA946649}.Ad-Hoc|ARM.Build.0 = Release|ARM
		{BF7EE5D0-43A4-42CE-A484-0B67FA946649}.Ad-Hoc|ARM.Deploy.0 = Release|ARM
		{BF7EE5D0-43A4-42CE-A484-0B67FA946649}.Ad-Hoc|iPhone.ActiveCfg = Release|x86
		{BF7EE5D0-43A4-42CE-A484-0B67FA946649}.Ad-Hoc|iPhone.Build.0 = Release|x86
		{BF7EE5D0-43A4-42CE-A484-0B67FA946649}.Ad-Hoc|iPhone.Deploy.0 = Release|x86
		{BF7EE5D0-43A4-42CE-A484-0B67FA946649}.Ad-Hoc|iPhoneSimulator.ActiveCfg = Release|x86
		{BF7EE5D0-43A4-42CE-A484-0B67FA946649}.Ad-Hoc|iPhoneSimulator.Build.0 = Release|x86
		{BF7EE5D0-43A4-42CE-A484-0B67FA946649}.Ad-Hoc|iPhoneSimulator.Deploy.0 = Release|x86
		{BF7EE5D0-43A4-42CE-A484-0B67FA946649}.Ad-Hoc|x64.ActiveCfg = Release|x64
		{BF7EE5D0-43A4-42CE-A484-0B67FA946649}.Ad-Hoc|x64.Build.0 = Release|x64
		{BF7EE5D0-43A4-42CE-A484-0B67FA946649}.Ad-Hoc|x64.Deploy.0 = Release|x64
		{BF7EE5D0-43A4-42CE-A484-0B67FA946649}.Ad-Hoc|x86.ActiveCfg = Release|x86
		{BF7EE5D0-43A4-42CE-A484-0B67FA946649}.Ad-Hoc|x86.Build.0 = Release|x86
		{BF7EE5D0-43A4-42CE-A484-0B67FA946649}.Ad-Hoc|x86.Deploy.0 = Release|x86
		{BF7EE5D0-43A4-42CE-A484-0B67FA946649}.AppStore|Any CPU.ActiveCfg = Release|x86
		{BF7EE5D0-43A4-42CE-A484-0B67FA946649}.AppStore|Any CPU.Build.0 = Release|x86
		{BF7EE5D0-43A4-42CE-A484-0B67FA946649}.AppStore|Any CPU.Deploy.0 = Release|x86
		{BF7EE5D0-43A4-42CE-A484-0B67FA946649}.AppStore|ARM.ActiveCfg = Release|ARM
		{BF7EE5D0-43A4-42CE-A484-0B67FA946649}.AppStore|ARM.Build.0 = Release|ARM
		{BF7EE5D0-43A4-42CE-A484-0B67FA946649}.AppStore|ARM.Deploy.0 = Release|ARM
		{BF7EE5D0-43A4-42CE-A484-0B67FA946649}.AppStore|iPhone.ActiveCfg = Release|x86
		{BF7EE5D0-43A4-42CE-A484-0B67FA946649}.AppStore|iPhone.Build.0 = Release|x86
		{BF7EE5D0-43A4-42CE-A484-0B67FA946649}.AppStore|iPhone.Deploy.0 = Release|x86
		{BF7EE5D0-43A4-42CE-A484-0B67FA946649}.AppStore|iPhoneSimulator.ActiveCfg = Release|x86
		{BF7EE5D0-43A4-42CE-A484-0B67FA946649}.AppStore|iPhoneSimulator.Build.0 = Release|x86
		{BF7EE5D0-43A4-42CE-A484-0B67FA946649}.AppStore|iPhoneSimulator.Deploy.0 = Release|x86
		{BF7EE5D0-43A4-42CE-A484-0B67FA946649}.AppStore|x64.ActiveCfg = Release|x64
		{BF7EE5D0-43A4-42CE-A484-0B67FA946649}.AppStore|x64.Build.0 = Release|x64
		{BF7EE5D0-43A4-42CE-A484-0B67FA946649}.AppStore|x64.Deploy.0 = Release|x64
		{BF7EE5D0-43A4-42CE-A484-0B67FA946649}.AppStore|x86.ActiveCfg = Release|x86
		{BF7EE5D0-43A4-42CE-A484-0B67FA946649}.AppStore|x86.Build.0 = Release|x86
		{BF7EE5D0-43A4-42CE-A484-0B67FA946649}.AppStore|x86.Deploy.0 = Release|x86
		{BF7EE5D0-43A4-42CE-A484-0B67FA946649}.Debug|Any CPU.ActiveCfg = Debug|x86
		{BF7EE5D0-43A4-42CE-A484-0B67FA946649}.Debug|ARM.ActiveCfg = Debug|ARM
		{BF7EE5D0-43A4-42CE-A484-0B67FA946649}.Debug|ARM.Build.0 = Debug|ARM
		{BF7EE5D0-43A4-42CE-A484-0B67FA946649}.Debug|ARM.Deploy.0 = Debug|ARM
		{BF7EE5D0-43A4-42CE-A484-0B67FA946649}.Debug|iPhone.ActiveCfg = Debug|x86
		{BF7EE5D0-43A4-42CE-A484-0B67FA946649}.Debug|iPhoneSimulator.ActiveCfg = Debug|x86
		{BF7EE5D0-43A4-42CE-A484-0B67FA946649}.Debug|x64.ActiveCfg = Debug|x64
		{BF7EE5D0-43A4-42CE-A484-0B67FA946649}.Debug|x64.Build.0 = Debug|x64
		{BF7EE5D0-43A4-42CE-A484-0B67FA946649}.Debug|x64.Deploy.0 = Debug|x64
		{BF7EE5D0-43A4-42CE-A484-0B67FA946649}.Debug|x86.ActiveCfg = Debug|x86
		{BF7EE5D0-43A4-42CE-A484-0B67FA946649}.Debug|x86.Build.0 = Debug|x86
		{BF7EE5D0-43A4-42CE-A484-0B67FA946649}.Debug|x86.Deploy.0 = Debug|x86
		{BF7EE5D0-43A4-42CE-A484-0B67FA946649}.Release|Any CPU.ActiveCfg = Release|x86
		{BF7EE5D0-43A4-42CE-A484-0B67FA946649}.Release|ARM.ActiveCfg = Release|ARM
		{BF7EE5D0-43A4-42CE-A484-0B67FA946649}.Release|ARM.Build.0 = Release|ARM
		{BF7EE5D0-43A4-42CE-A484-0B67FA946649}.Release|ARM.Deploy.0 = Release|ARM
		{BF7EE5D0-43A4-42CE-A484-0B67FA946649}.Release|iPhone.ActiveCfg = Release|x86
		{BF7EE5D0-43A4-42CE-A484-0B67FA946649}.Release|iPhoneSimulator.ActiveCfg = Release|x86
		{BF7EE5D0-43A4-42CE-A484-0B67FA946649}.Release|x64.ActiveCfg = Release|x64
		{BF7EE5D0-43A4-42CE-A484-0B67FA946649}.Release|x64.Build.0 = Release|x64
		{BF7EE5D0-43A4-42CE-A484-0B67FA946649}.Release|x64.Deploy.0 = Release|x64
		{BF7EE5D0-43A4-42CE-A484-0B67FA946649}.Release|x86.ActiveCfg = Release|x86
		{BF7EE5D0-43A4-42CE-A484-0B67FA946649}.Release|x86.Build.0 = Release|x86
		{BF7EE5D0-43A4-42CE-A484-0B67FA946649}.Release|x86.Deploy.0 = Release|x86
		{DB5A9B9C-E996-4722-B9B5-27DF5F715F58}.Ad-Hoc|Any CPU.ActiveCfg = Debug|Any CPU
		{DB5A9B9C-E996-4722-B9B5-27DF5F715F58}.Ad-Hoc|Any CPU.Build.0 = Debug|Any CPU
		{DB5A9B9C-E996-4722-B9B5-27DF5F715F58}.Ad-Hoc|ARM.ActiveCfg = Debug|Any CPU
		{DB5A9B9C-E996-4722-B9B5-27DF5F715F58}.Ad-Hoc|ARM.Build.0 = Debug|Any CPU
		{DB5A9B9C-E996-4722-B9B5-27DF5F715F58}.Ad-Hoc|iPhone.ActiveCfg = Debug|Any CPU
		{DB5A9B9C-E996-4722-B9B5-27DF5F715F58}.Ad-Hoc|iPhone.Build.0 = Debug|Any CPU
		{DB5A9B9C-E996-4722-B9B5-27DF5F715F58}.Ad-Hoc|iPhoneSimulator.ActiveCfg = Debug|Any CPU
		{DB5A9B9C-E996-4722-B9B5-27DF5F715F58}.Ad-Hoc|iPhoneSimulator.Build.0 = Debug|Any CPU
		{DB5A9B9C-E996-4722-B9B5-27DF5F715F58}.Ad-Hoc|x64.ActiveCfg = Debug|Any CPU
		{DB5A9B9C-E996-4722-B9B5-27DF5F715F58}.Ad-Hoc|x64.Build.0 = Debug|Any CPU
		{DB5A9B9C-E996-4722-B9B5-27DF5F715F58}.Ad-Hoc|x86.ActiveCfg = Debug|Any CPU
		{DB5A9B9C-E996-4722-B9B5-27DF5F715F58}.Ad-Hoc|x86.Build.0 = Debug|Any CPU
		{DB5A9B9C-E996-4722-B9B5-27DF5F715F58}.AppStore|Any CPU.ActiveCfg = Debug|Any CPU
		{DB5A9B9C-E996-4722-B9B5-27DF5F715F58}.AppStore|Any CPU.Build.0 = Debug|Any CPU
		{DB5A9B9C-E996-4722-B9B5-27DF5F715F58}.AppStore|ARM.ActiveCfg = Debug|Any CPU
		{DB5A9B9C-E996-4722-B9B5-27DF5F715F58}.AppStore|ARM.Build.0 = Debug|Any CPU
		{DB5A9B9C-E996-4722-B9B5-27DF5F715F58}.AppStore|iPhone.ActiveCfg = Debug|Any CPU
		{DB5A9B9C-E996-4722-B9B5-27DF5F715F58}.AppStore|iPhone.Build.0 = Debug|Any CPU
		{DB5A9B9C-E996-4722-B9B5-27DF5F715F58}.AppStore|iPhoneSimulator.ActiveCfg = Debug|Any CPU
		{DB5A9B9C-E996-4722-B9B5-27DF5F715F58}.AppStore|iPhoneSimulator.Build.0 = Debug|Any CPU
		{DB5A9B9C-E996-4722-B9B5-27DF5F715F58}.AppStore|x64.ActiveCfg = Debug|Any CPU
		{DB5A9B9C-E996-4722-B9B5-27DF5F715F58}.AppStore|x64.Build.0 = Debug|Any CPU
		{DB5A9B9C-E996-4722-B9B5-27DF5F715F58}.AppStore|x86.ActiveCfg = Debug|Any CPU
		{DB5A9B9C-E996-4722-B9B5-27DF5F715F58}.AppStore|x86.Build.0 = Debug|Any CPU
		{DB5A9B9C-E996-4722-B9B5-27DF5F715F58}.Debug|Any CPU.ActiveCfg = Debug|Any CPU
		{DB5A9B9C-E996-4722-B9B5-27DF5F715F58}.Debug|Any CPU.Build.0 = Debug|Any CPU
		{DB5A9B9C-E996-4722-B9B5-27DF5F715F58}.Debug|ARM.ActiveCfg = Debug|Any CPU
		{DB5A9B9C-E996-4722-B9B5-27DF5F715F58}.Debug|ARM.Build.0 = Debug|Any CPU
		{DB5A9B9C-E996-4722-B9B5-27DF5F715F58}.Debug|iPhone.ActiveCfg = Debug|Any CPU
		{DB5A9B9C-E996-4722-B9B5-27DF5F715F58}.Debug|iPhone.Build.0 = Debug|Any CPU
		{DB5A9B9C-E996-4722-B9B5-27DF5F715F58}.Debug|iPhoneSimulator.ActiveCfg = Debug|Any CPU
		{DB5A9B9C-E996-4722-B9B5-27DF5F715F58}.Debug|iPhoneSimulator.Build.0 = Debug|Any CPU
		{DB5A9B9C-E996-4722-B9B5-27DF5F715F58}.Debug|x64.ActiveCfg = Debug|Any CPU
		{DB5A9B9C-E996-4722-B9B5-27DF5F715F58}.Debug|x64.Build.0 = Debug|Any CPU
		{DB5A9B9C-E996-4722-B9B5-27DF5F715F58}.Debug|x86.ActiveCfg = Debug|Any CPU
		{DB5A9B9C-E996-4722-B9B5-27DF5F715F58}.Debug|x86.Build.0 = Debug|Any CPU
		{DB5A9B9C-E996-4722-B9B5-27DF5F715F58}.Release|Any CPU.ActiveCfg = Release|Any CPU
		{DB5A9B9C-E996-4722-B9B5-27DF5F715F58}.Release|Any CPU.Build.0 = Release|Any CPU
		{DB5A9B9C-E996-4722-B9B5-27DF5F715F58}.Release|ARM.ActiveCfg = Release|Any CPU
		{DB5A9B9C-E996-4722-B9B5-27DF5F715F58}.Release|ARM.Build.0 = Release|Any CPU
		{DB5A9B9C-E996-4722-B9B5-27DF5F715F58}.Release|iPhone.ActiveCfg = Release|Any CPU
		{DB5A9B9C-E996-4722-B9B5-27DF5F715F58}.Release|iPhone.Build.0 = Release|Any CPU
		{DB5A9B9C-E996-4722-B9B5-27DF5F715F58}.Release|iPhoneSimulator.ActiveCfg = Release|Any CPU
		{DB5A9B9C-E996-4722-B9B5-27DF5F715F58}.Release|iPhoneSimulator.Build.0 = Release|Any CPU
		{DB5A9B9C-E996-4722-B9B5-27DF5F715F58}.Release|x64.ActiveCfg = Release|Any CPU
		{DB5A9B9C-E996-4722-B9B5-27DF5F715F58}.Release|x64.Build.0 = Release|Any CPU
		{DB5A9B9C-E996-4722-B9B5-27DF5F715F58}.Release|x86.ActiveCfg = Release|Any CPU
		{DB5A9B9C-E996-4722-B9B5-27DF5F715F58}.Release|x86.Build.0 = Release|Any CPU
	EndGlobalSection
	GlobalSection(SolutionProperties) = preSolution
		HideSolutionNode = FALSE
	EndGlobalSection
	GlobalSection(ExtensibilityGlobals) = postSolution
		SolutionGuid = {97A12063-6A1D-4341-89E7-8D9B3068C46C}
	EndGlobalSection
EndGlobal
